
Microsoft Visual Studio Solution File, Format Version 12.00
# Visual Studio Version 16
VisualStudioVersion = 16.0.30011.22
MinimumVisualStudioVersion = 10.0.40219.1
Project("{F184B08F-C81C-45F6-A57F-5ABD9991F28F}") = "Pang-Bichen-BankAccount", "Pang-Bichen-BankAccount\Pang-Bichen-BankAccount.vbproj", "{E22AD703-E76D-4A69-9160-C4D9EE7EEBF2}"
EndProject
Global
	GlobalSection(SolutionConfigurationPlatforms) = preSolution
		Debug|Any CPU = Debug|Any CPU
		Release|Any CPU = Release|Any CPU
	EndGlobalSection
	GlobalSection(ProjectConfigurationPlatforms) = postSolution
		{E22AD703-E76D-4A69-9160-C4D9EE7EEBF2}.Debug|Any CPU.ActiveCfg = Debug|Any CPU
		{E22AD703-E76D-4A69-9160-C4D9EE7EEBF2}.Debug|Any CPU.Build.0 = Debug|Any CPU
		{E22AD703-E76D-4A69-9160-C4D9EE7EEBF2}.Release|Any CPU.ActiveCfg = Release|Any CPU
		{E22AD703-E76D-4A69-9160-C4D9EE7EEBF2}.Release|Any CPU.Build.0 = Release|Any CPU
	EndGlobalSection
	GlobalSection(SolutionProperties) = preSolution
		HideSolutionNode = FALSE
	EndGlobalSection
	GlobalSection(ExtensibilityGlobals) = postSolution
		SolutionGuid = {E891CC3D-6B07-4BDB-ABA4-070CACBBCEF8}
	EndGlobalSection
EndGlobal
